# THIS IS AN AUTOGENERATED FILE. DO NOT EDIT THIS FILE DIRECTLY.
# yarn lockfile v1


"@types/web-bluetooth@^0.0.3":
  version "0.0.3"
  resolved "https://registry.yarnpkg.com/@types/web-bluetooth/-/web-bluetooth-0.0.3.tgz#39472343a188585a041bbd40ddc944d051282863"

event-target-shim@^3.0.0:
  version "3.0.0"
  resolved "https://registry.yarnpkg.com/event-target-shim/-/event-target-shim-3.0.0.tgz#d2faa31db7d97188463b2cbde5e09601acae4672"

typescript@^2.6.1:
  version "2.6.1"
  resolved "https://registry.yarnpkg.com/typescript/-/typescript-2.6.1.tgz#ef39cdea27abac0b500242d6726ab90e0c846631"
